
Microsoft Visual Studio Solution File, Format Version 12.00
# Visual Studio Version 17
VisualStudioVersion = 17.14.36310.24 d17.14
MinimumVisualStudioVersion = 10.0.40219.1
Project("{FAE04EC0-301F-11D3-BF4B-00C04F79EFBC}") = "NuLogicEHR", "NuLogicEHR\NuLogicEHR.csproj", "{A201618D-DC2E-408F-B82F-D46F209A23FC}"
EndProject
Global
	GlobalSection(SolutionConfigurationPlatforms) = preSolution
		Debug|Any CPU = Debug|Any CPU
		Release|Any CPU = Release|Any CPU
	EndGlobalSection
	GlobalSection(ProjectConfigurationPlatforms) = postSolution
		{A201618D-DC2E-408F-B82F-D46F209A23FC}.Debug|Any CPU.ActiveCfg = Debug|Any CPU
		{A201618D-DC2E-408F-B82F-D46F209A23FC}.Debug|Any CPU.Build.0 = Debug|Any CPU
		{A201618D-DC2E-408F-B82F-D46F209A23FC}.Release|Any CPU.ActiveCfg = Release|Any CPU
		{A201618D-DC2E-408F-B82F-D46F209A23FC}.Release|Any CPU.Build.0 = Release|Any CPU
	EndGlobalSection
	GlobalSection(SolutionProperties) = preSolution
		HideSolutionNode = FALSE
	EndGlobalSection
	GlobalSection(ExtensibilityGlobals) = postSolution
		SolutionGuid = {3B43FB27-50B3-45D8-8C3F-9411175FA6F2}
	EndGlobalSection
EndGlobal
